dependencies:
- name: rabbitmq
  repository: https://charts.bitnami.com/bitnami
  version: 9.0.7
- name: mariadb
  repository: https://charts.bitnami.com/bitnami
  version: 11.0.3
- name: kafka
  repository: https://charts.bitnami.com/bitnami
  version: 16.2.12
- name: common
  repository: https://charts.bitnami.com/bitnami
  version: 1.14.0
digest: sha256:d35d9105e9e524dfa2375438c64c2d144d41931918ce98a24314b3b2762da96c
generated: "2022-05-13T15:15:48.124913+02:00"
