dependencies:
- name: postgresql
  repository: https://charts.bitnami.com/bitnami
  version: 11.1.29
- name: common
  repository: https://charts.bitnami.com/bitnami
  version: 1.14.0
digest: sha256:f7f95b4f870b3628811d26149f64ca326641bdffb172f2ad8effcba83cc3d80e
generated: "2022-05-13T15:14:11.464646+02:00"
