dependencies:
- name: postgresql
  repository: https://charts.bitnami.com/bitnami
  version: 11.1.29
- name: common
  repository: https://charts.bitnami.com/bitnami
  version: 1.14.0
digest: sha256:e061697816a28067bb76b1b357c8b0f9fba147d3301de20463a544d7a42580ec
generated: "2022-05-13T15:04:26.767731+02:00"
