dependencies:
- name: redis
  repository: https://charts.bitnami.com/bitnami
  version: 16.9.4
- name: postgresql
  repository: https://charts.bitnami.com/bitnami
  version: 11.1.29
- name: common
  repository: https://charts.bitnami.com/bitnami
  version: 1.14.0
digest: sha256:a9d86081c7bc8baac811a6100330155801ae0f365b6fca2d579ac6417b25628a
generated: "2022-05-13T14:55:47.539881+02:00"
