dependencies:
- name: redis
  repository: https://charts.bitnami.com/bitnami
  version: 16.9.4
- name: common
  repository: https://charts.bitnami.com/bitnami
  version: 1.14.0
digest: sha256:ec888d69aabd0d79c7689c709ddb2ee35a902c20059d432b2074fa5c59b90505
generated: "2022-05-13T14:59:14.261289+02:00"
